
Microsoft Visual Studio Solution File, Format Version 12.00
# Visual Studio 15
VisualStudioVersion = 15.0.27130.2026
MinimumVisualStudioVersion = 10.0.40219.1
Project("{FAE04EC0-301F-11D3-BF4B-00C04F79EFBC}") = "DevOpsVisions.Frontend.NU.UITest", "DevOpsVisions.Frontend.NU.UITest.csproj", "{CCF6C85D-C1BE-423E-BB4D-BFBEACC13C88}"
EndProject
Global
	GlobalSection(SolutionConfigurationPlatforms) = preSolution
		Debug|Any CPU = Debug|Any CPU
		Release|Any CPU = Release|Any CPU
	EndGlobalSection
	GlobalSection(ProjectConfigurationPlatforms) = postSolution
		{CCF6C85D-C1BE-423E-BB4D-BFBEACC13C88}.Debug|Any CPU.ActiveCfg = Debug|Any CPU
		{CCF6C85D-C1BE-423E-BB4D-BFBEACC13C88}.Debug|Any CPU.Build.0 = Debug|Any CPU
		{CCF6C85D-C1BE-423E-BB4D-BFBEACC13C88}.Release|Any CPU.ActiveCfg = Release|Any CPU
		{CCF6C85D-C1BE-423E-BB4D-BFBEACC13C88}.Release|Any CPU.Build.0 = Release|Any CPU
	EndGlobalSection
	GlobalSection(SolutionProperties) = preSolution
		HideSolutionNode = FALSE
	EndGlobalSection
	GlobalSection(ExtensibilityGlobals) = postSolution
		SolutionGuid = {3F09A036-3F3D-4603-889C-8377D6B30C89}
	EndGlobalSection
EndGlobal
